<?xml version="1.0" encoding="utf-8"?>
<Project ToolsVersion="4.0" xmlns="http://schemas.microsoft.com/developer/msbuild/2003">
  <ItemGroup>
    <Filter Include="Source Files">
      <UniqueIdentifier>{4FC737F1-C7A5-4376-A066-2A32D752A2FF}</UniqueIdentifier>
      <Extensions>cpp;c;cc;cxx;def;odl;idl;hpj;bat;asm;asmx</Extensions>
    </Filter>
    <Filter Include="Header Files">
      <UniqueIdentifier>{93995380-89BD-4b04-88EB-625FBE52EBFB}</UniqueIdentifier>
      <Extensions>h;hh;hpp;hxx;hm;inl;inc;xsd</Extensions>
    </Filter>
    <Filter Include="Resource Files">
      <UniqueIdentifier>{67DA6AB6-F800-4c08-8B7A-83BB121AAD01}</UniqueIdentifier>
      <Extensions>rc;ico;cur;bmp;dlg;rc2;rct;bin;rgs;gif;jpg;jpeg;jpe;resx;tiff;tif;png;wav;mfcribbon-ms</Extensions>
    </Filter>
  </ItemGroup>
  <ItemGroup>
    <ClCompile Include="src\svg.c">
      <Filter>Source Files</Filter>
    </ClCompile>
    <ClCompile Include="src\svg_ascii.c">
      <Filter>Source Files</Filter>
    </ClCompile>
    <ClCompile Include="src\svg_attribute.c">
      <Filter>Source Files</Filter>
    </ClCompile>
    <ClCompile Include="src\svg_clip_path.c">
      <Filter>Source Files</Filter>
    </ClCompile>
    <ClCompile Include="src\svg_color.c">
      <Filter>Source Files</Filter>
    </ClCompile>
    <ClCompile Include="src\svg_container.c">
      <Filter>Source Files</Filter>
    </ClCompile>
    <ClCompile Include="src\svg_css_style.c">
      <Filter>Source Files</Filter>
    </ClCompile>
    <ClCompile Include="src\svg_dom.c">
      <Filter>Source Files</Filter>
    </ClCompile>
    <ClCompile Include="src\svg_element.c">
      <Filter>Source Files</Filter>
    </ClCompile>
    <ClCompile Include="src\svg_element_ref.c">
      <Filter>Source Files</Filter>
    </ClCompile>
    <ClCompile Include="src\svg_gradient.c">
      <Filter>Source Files</Filter>
    </ClCompile>
    <ClCompile Include="src\svg_group.c">
      <Filter>Source Files</Filter>
    </ClCompile>
    <ClCompile Include="src\svg_hash.c">
      <Filter>Source Files</Filter>
    </ClCompile>
    <ClCompile Include="src\svg_image.c">
      <Filter>Source Files</Filter>
    </ClCompile>
    <ClCompile Include="src\svg_length.c">
      <Filter>Source Files</Filter>
    </ClCompile>
    <ClCompile Include="src\svg_marker.c">
      <Filter>Source Files</Filter>
    </ClCompile>
    <ClCompile Include="src\svg_mask.c">
      <Filter>Source Files</Filter>
    </ClCompile>
    <ClCompile Include="src\svg_paint.c">
      <Filter>Source Files</Filter>
    </ClCompile>
    <ClCompile Include="src\svg_parser.c">
      <Filter>Source Files</Filter>
    </ClCompile>
    <ClCompile Include="src\svg_parser_expat.c">
      <Filter>Source Files</Filter>
    </ClCompile>
    <ClCompile Include="src\svg_path.c">
      <Filter>Source Files</Filter>
    </ClCompile>
    <ClCompile Include="src\svg_pattern.c">
      <Filter>Source Files</Filter>
    </ClCompile>
    <ClCompile Include="src\svg_render_engine.c">
      <Filter>Source Files</Filter>
    </ClCompile>
    <ClCompile Include="src\svg_resource.c">
      <Filter>Source Files</Filter>
    </ClCompile>
    <ClCompile Include="src\svg_shapes.c">
      <Filter>Source Files</Filter>
    </ClCompile>
    <ClCompile Include="src\svg_str.c">
      <Filter>Source Files</Filter>
    </ClCompile>
    <ClCompile Include="src\svg_style.c">
      <Filter>Source Files</Filter>
    </ClCompile>
    <ClCompile Include="src\svg_svg_group.c">
      <Filter>Source Files</Filter>
    </ClCompile>
    <ClCompile Include="src\svg_symbol.c">
      <Filter>Source Files</Filter>
    </ClCompile>
    <ClCompile Include="src\svg_text.c">
      <Filter>Source Files</Filter>
    </ClCompile>
    <ClCompile Include="src\svg_trace.c">
      <Filter>Source Files</Filter>
    </ClCompile>
    <ClCompile Include="src\svg_transform.c">
      <Filter>Source Files</Filter>
    </ClCompile>
    <ClCompile Include="src\svg_uri.c">
      <Filter>Source Files</Filter>
    </ClCompile>
    <ClCompile Include="src\svg_uri_reference.c">
      <Filter>Source Files</Filter>
    </ClCompile>
    <ClCompile Include="src\svg_use.c">
      <Filter>Source Files</Filter>
    </ClCompile>
    <ClCompile Include="src\svg_view_box.c">
      <Filter>Source Files</Filter>
    </ClCompile>
  </ItemGroup>
  <ItemGroup>
    <ClInclude Include="src\svg.h">
      <Filter>Source Files</Filter>
    </ClInclude>
    <ClInclude Include="src\svg_ascii.h">
      <Filter>Source Files</Filter>
    </ClInclude>
    <ClInclude Include="src\svg_hash.h">
      <Filter>Source Files</Filter>
    </ClInclude>
    <ClInclude Include="src\svgint.h">
      <Filter>Source Files</Filter>
    </ClInclude>
    <ClInclude Include="src\win32_compat.h">
      <Filter>Source Files</Filter>
    </ClInclude>
  </ItemGroup>
</Project>